
Microsoft Visual Studio Solution File, Format Version 12.00
# Visual Studio Version 16
VisualStudioVersion = 16.0.31702.278
MinimumVisualStudioVersion = 10.0.40219.1
Project("{FAE04EC0-301F-11D3-BF4B-00C04F79EFBC}") = "NumModszerek", "NumModszerek\NumModszerek.csproj", "{9757AACA-C084-4209-949C-7C28595C8BC1}"
EndProject
Global
	GlobalSection(SolutionConfigurationPlatforms) = preSolution
		Debug|Any CPU = Debug|Any CPU
		Release|Any CPU = Release|Any CPU
	EndGlobalSection
	GlobalSection(ProjectConfigurationPlatforms) = postSolution
		{9757AACA-C084-4209-949C-7C28595C8BC1}.Debug|Any CPU.ActiveCfg = Debug|Any CPU
		{9757AACA-C084-4209-949C-7C28595C8BC1}.Debug|Any CPU.Build.0 = Debug|Any CPU
		{9757AACA-C084-4209-949C-7C28595C8BC1}.Release|Any CPU.ActiveCfg = Release|Any CPU
		{9757AACA-C084-4209-949C-7C28595C8BC1}.Release|Any CPU.Build.0 = Release|Any CPU
	EndGlobalSection
	GlobalSection(SolutionProperties) = preSolution
		HideSolutionNode = FALSE
	EndGlobalSection
	GlobalSection(ExtensibilityGlobals) = postSolution
		SolutionGuid = {008BDC8D-D60A-4E97-AE3B-04BC79AA3380}
	EndGlobalSection
EndGlobal
